# THIS IS AN AUTOGENERATED FILE. DO NOT EDIT THIS FILE DIRECTLY.
# yarn lockfile v1


"@iota/bundle-validator@^1.0.0-beta.30":
  version "1.0.0-beta.30"
  resolved "https://registry.yarnpkg.com/@iota/bundle-validator/-/bundle-validator-1.0.0-beta.30.tgz#272dfd3482bb80f4bc3cd5acd868d9703bd380e8"
  integrity sha512-LYMms75LCZZ8yTIL1ApQrpuwzD4VfFeTOJVICyjObClIbAL0QGraq0HgdeJiaYjvRqNKrdi9JYM3QdZJvGcsAw==
  dependencies:
    "@iota/converter" "^1.0.0-beta.30"
    "@iota/kerl" "^1.0.0-beta.30"
    "@iota/signing" "^1.0.0-beta.30"
    "@iota/transaction" "^1.0.0-beta.30"
    "@iota/transaction-converter" "^1.0.0-beta.30"

"@iota/bundle@^1.0.0-beta.30":
  version "1.0.0-beta.30"
  resolved "https://registry.yarnpkg.com/@iota/bundle/-/bundle-1.0.0-beta.30.tgz#caa079e8b1659b8fbed4cbc112bc91b1cadaf023"
  integrity sha512-JIPaSHCqfJa2Oq5zD19ie2CYAitNXp4DJcV9oJU/yDVJoKqlLs9BCdNgf/fAI4ZViFkKx3L4F+z0R6G/vO7Kcw==
  dependencies:
    "@iota/converter" "^1.0.0-beta.30"
    "@iota/kerl" "^1.0.0-beta.30"
    "@iota/signing" "^1.0.0-beta.30"
    "@iota/transaction" "^1.0.0-beta.30"
    "@types/warning" "^3.0.0"
    warning "^4.0.3"

"@iota/checksum@^1.0.0-beta.30":
  version "1.0.0-beta.30"
  resolved "https://registry.yarnpkg.com/@iota/checksum/-/checksum-1.0.0-beta.30.tgz#70a8a8300ce0aa02578dd739bec072f590504855"
  integrity sha512-oNCtmJjb152J/+Y5ddF+iBo0S0L7hDHZZHTRXovvcJeRniAZ6IF45Ko0qo/6SiNUEhUaQeJ/oj+kMdkfTdQ51A==
  dependencies:
    "@iota/converter" "^1.0.0-beta.30"
    "@iota/kerl" "^1.0.0-beta.30"

"@iota/converter@^1.0.0-beta.12", "@iota/converter@^1.0.0-beta.30":
  version "1.0.0-beta.30"
  resolved "https://registry.yarnpkg.com/@iota/converter/-/converter-1.0.0-beta.30.tgz#a56ec7c2b8599f9f4474394a475ce6254d756924"
  integrity sha512-DxyTXatWZiVb2EKN1JVdaZs1zg8JUCHngk94hK2quV7JM3weemLOKd6OL8GQOJtjjoGIWBIZFpKpYZd2gaIBmg==
  dependencies:
    core-js "^3.1.4"

"@iota/core@^1.0.0-beta.12", "@iota/core@^1.0.0-beta.30":
  version "1.0.0-beta.30"
  resolved "https://registry.yarnpkg.com/@iota/core/-/core-1.0.0-beta.30.tgz#746b3edc7896befc608a5c1660ad0011b646a164"
  integrity sha512-BYnQnTY2lOAOz4LEPT2jDKb9z25EeU0lUVE4vO6mV+rcVlkn8NDUkOvJpEi9XWdPySx6MqtcSiVMvGcAAGh4Tw==
  dependencies:
    "@iota/bundle" "^1.0.0-beta.30"
    "@iota/bundle-validator" "^1.0.0-beta.30"
    "@iota/checksum" "^1.0.0-beta.30"
    "@iota/converter" "^1.0.0-beta.30"
    "@iota/curl" "^1.0.0-beta.19"
    "@iota/http-client" "^1.0.0-beta.30"
    "@iota/kerl" "^1.0.0-beta.30"
    "@iota/pad" "^1.0.0-beta.30"
    "@iota/signing" "^1.0.0-beta.30"
    "@iota/transaction" "^1.0.0-beta.30"
    "@iota/transaction-converter" "^1.0.0-beta.30"
    bluebird "^3.5.5"

"@iota/curl@^1.0.0-beta.12", "@iota/curl@^1.0.0-beta.19":
  version "1.0.0-beta.19"
  resolved "https://registry.yarnpkg.com/@iota/curl/-/curl-1.0.0-beta.19.tgz#7c30bec4c7225eaf1a691802251c9199177a54a8"
  integrity sha512-bUr6VW8lP1XYhAkzUacc8U28qO2Ibdl6R5CSF7N34GgjO2sEkn4DnlzL1VU8cCv+8rfBlZ9qIvYGzklic49JJw==

"@iota/http-client@^1.0.0-beta.30":
  version "1.0.0-beta.30"
  resolved "https://registry.yarnpkg.com/@iota/http-client/-/http-client-1.0.0-beta.30.tgz#255b9009379d032e643adb9eddbe54b3a69fad0b"
  integrity sha512-Dc4UnNmO5mgPi6pZOwgJ7wR9/ETJoSlU/C0HlSIdkzeuRchpRc70STG2pA8hfIfLnNQE2N8HzMvceSPntKlWZg==
  dependencies:
    bluebird "^3.7.2"
    cross-fetch "^3.0.0"
    url-parse "^1.4.7"

"@iota/kerl@^1.0.0-beta.30":
  version "1.0.0-beta.30"
  resolved "https://registry.yarnpkg.com/@iota/kerl/-/kerl-1.0.0-beta.30.tgz#36dc2fd756e4c8fb834938fa06bb387418a388ae"
  integrity sha512-vVx7916Sb1fZWV9FmsFUUoxrgBbxeK4lc2Y0NYIw4OnU/Q6NsTu+GEXGNMArp97daU4UQhbceE7DNTj9HOICfQ==
  dependencies:
    "@types/crypto-js" "^3.1.47"
    crypto-js "^4.0.0"

"@iota/mam@^0.7.3":
  version "0.7.3"
  resolved "https://registry.yarnpkg.com/@iota/mam/-/mam-0.7.3.tgz#7666b0bd7aeefd0bc8b11c72304e9351345124f3"
  integrity sha512-KGwqX/RReh5iOd2jjTs63KHOBfGLqwSSkhI0KPMBVaX7UxZzeoyg9FCLNYiVNlGjBc29mJtaBDnawazesJENjg==
  dependencies:
    "@iota/converter" "^1.0.0-beta.12"
    "@iota/core" "^1.0.0-beta.12"
    "@iota/curl" "^1.0.0-beta.12"

"@iota/pad@^1.0.0-beta.30":
  version "1.0.0-beta.30"
  resolved "https://registry.yarnpkg.com/@iota/pad/-/pad-1.0.0-beta.30.tgz#de19728f8f1b09c20e2365d0da34945006760082"
  integrity sha512-fnhPMPul18WunLq9Ni4rxzBFmhna6eaG8WroDg6GdQqSK/eN62uFHV8tpspJHXuCqwgCUVp6NpuUna7+B2OV9g==

"@iota/signing@^1.0.0-beta.30":
  version "1.0.0-beta.30"
  resolved "https://registry.yarnpkg.com/@iota/signing/-/signing-1.0.0-beta.30.tgz#43bf82f9dd43bb3b98c63dd57ac9cde2554f1472"
  integrity sha512-VnOCBq8uAsMwQKv7VeYe2Yx2hTWxNp/lkNEqN6xgPsTII17elj0wjwR+b4euf48h3nIiGeCLWRK5a+k9r46o/g==
  dependencies:
    "@iota/converter" "^1.0.0-beta.30"
    "@iota/kerl" "^1.0.0-beta.30"
    "@iota/pad" "^1.0.0-beta.30"
    bluebird "^3.7.2"

"@iota/transaction-converter@^1.0.0-beta.30":
  version "1.0.0-beta.30"
  resolved "https://registry.yarnpkg.com/@iota/transaction-converter/-/transaction-converter-1.0.0-beta.30.tgz#db5b8b2fbc8332ffbeb2ef4f75ce52106219872a"
  integrity sha512-V27JhRRuJLR8h2XgQBNRC0i3YMU2VVKXwXoB4vxofEdjb0zrXk3Wya7en7PFJUrhtG2edmFXELTaGrN2zw372Q==
  dependencies:
    "@iota/converter" "^1.0.0-beta.30"
    "@iota/pad" "^1.0.0-beta.30"
    "@iota/transaction" "^1.0.0-beta.30"

"@iota/transaction@^1.0.0-beta.30":
  version "1.0.0-beta.30"
  resolved "https://registry.yarnpkg.com/@iota/transaction/-/transaction-1.0.0-beta.30.tgz#73c7f83ca8bb783d0683320c52c588233e2e7019"
  integrity sha512-Y84Jaba9lXMbi/yDJSIgKE8gyY0P63ILACjiPqoPOrHnOQQ9Hs0ewh55/lhat0kZODDGWsaEzKrN4CawOICofg==
  dependencies:
    "@iota/converter" "^1.0.0-beta.30"
    "@iota/curl" "^1.0.0-beta.19"
    "@iota/kerl" "^1.0.0-beta.30"
    "@iota/signing" "^1.0.0-beta.30"
    "@types/warning" "^3.0.0"
    warning "^4.0.3"

"@types/crypto-js@^3.1.47":
  version "3.1.47"
  resolved "https://registry.yarnpkg.com/@types/crypto-js/-/crypto-js-3.1.47.tgz#36e549dd3f1322742a3a738e7c113ebe48221860"
  integrity sha512-eI6gvpcGHLk3dAuHYnRCAjX+41gMv1nz/VP55wAe5HtmAKDOoPSfr3f6vkMc08ov1S0NsjvUBxDtHHxqQY1LGA==

"@types/warning@^3.0.0":
  version "3.0.0"
  resolved "https://registry.yarnpkg.com/@types/warning/-/warning-3.0.0.tgz#0d2501268ad8f9962b740d387c4654f5f8e23e52"
  integrity sha1-DSUBJorY+ZYrdA04fEZU9fjiPlI=

bluebird@^3.5.5, bluebird@^3.7.2:
  version "3.7.2"
  resolved "https://registry.yarnpkg.com/bluebird/-/bluebird-3.7.2.tgz#9f229c15be272454ffa973ace0dbee79a1b0c36f"
  integrity sha512-XpNj6GDQzdfW+r2Wnn7xiSAd7TM3jzkxGXBGTtWKuSXv1xUV+azxAm8jdWZN06QTQk+2N2XB9jRDkvbmQmcRtg==

core-js@^3.1.4:
  version "3.7.0"
  resolved "https://registry.yarnpkg.com/core-js/-/core-js-3.7.0.tgz#b0a761a02488577afbf97179e4681bf49568520f"
  integrity sha512-NwS7fI5M5B85EwpWuIwJN4i/fbisQUwLwiSNUWeXlkAZ0sbBjLEvLvFLf1uzAUV66PcEPt4xCGCmOZSxVf3xzA==

cross-fetch@^3.0.0:
  version "3.0.6"
  resolved "https://registry.yarnpkg.com/cross-fetch/-/cross-fetch-3.0.6.tgz#3a4040bc8941e653e0e9cf17f29ebcd177d3365c"
  integrity sha512-KBPUbqgFjzWlVcURG+Svp9TlhA5uliYtiNx/0r8nv0pdypeQCRJ9IaSIc3q/x3q8t3F75cHuwxVql1HFGHCNJQ==
  dependencies:
    node-fetch "2.6.1"

crypto-js@^4.0.0:
  version "4.0.0"
  resolved "https://registry.yarnpkg.com/crypto-js/-/crypto-js-4.0.0.tgz#2904ab2677a9d042856a2ea2ef80de92e4a36dcc"
  integrity sha512-bzHZN8Pn+gS7DQA6n+iUmBfl0hO5DJq++QP3U6uTucDtk/0iGpXd/Gg7CGR0p8tJhofJyaKoWBuJI4eAO00BBg==

"js-tokens@^3.0.0 || ^4.0.0":
  version "4.0.0"
  resolved "https://registry.yarnpkg.com/js-tokens/-/js-tokens-4.0.0.tgz#19203fb59991df98e3a287050d4647cdeaf32499"
  integrity sha512-RdJUflcE3cUzKiMqQgsCu06FPu9UdIJO0beYbPhHN4k6apgJtifcoCtT9bcxOpYBtpD2kCM6Sbzg4CausW/PKQ==

loose-envify@^1.0.0:
  version "1.4.0"
  resolved "https://registry.yarnpkg.com/loose-envify/-/loose-envify-1.4.0.tgz#71ee51fa7be4caec1a63839f7e682d8132d30caf"
  integrity sha512-lyuxPGr/Wfhrlem2CL/UcnUc1zcqKAImBDzukY7Y5F/yQiNdko6+fRLevlw1HgMySw7f611UIY408EtxRSoK3Q==
  dependencies:
    js-tokens "^3.0.0 || ^4.0.0"

node-fetch@2.6.1:
  version "2.6.1"
  resolved "https://registry.yarnpkg.com/node-fetch/-/node-fetch-2.6.1.tgz#045bd323631f76ed2e2b55573394416b639a0052"
  integrity sha512-V4aYg89jEoVRxRb2fJdAg8FHvI7cEyYdVAh94HH0UIK8oJxUfkjlDQN9RbMx+bEjP7+ggMiFRprSti032Oipxw==

querystringify@^2.1.1:
  version "2.2.0"
  resolved "https://registry.yarnpkg.com/querystringify/-/querystringify-2.2.0.tgz#3345941b4153cb9d082d8eee4cda2016a9aef7f6"
  integrity sha512-FIqgj2EUvTa7R50u0rGsyTftzjYmv/a3hO345bZNrqabNqjtgiDMgmo4mkUjd+nzU5oF3dClKqFIPUKybUyqoQ==

requires-port@^1.0.0:
  version "1.0.0"
  resolved "https://registry.yarnpkg.com/requires-port/-/requires-port-1.0.0.tgz#925d2601d39ac485e091cf0da5c6e694dc3dcaff"
  integrity sha1-kl0mAdOaxIXgkc8NpcbmlNw9yv8=

url-parse@^1.4.7:
  version "1.4.7"
  resolved "https://registry.yarnpkg.com/url-parse/-/url-parse-1.4.7.tgz#a8a83535e8c00a316e403a5db4ac1b9b853ae278"
  integrity sha512-d3uaVyzDB9tQoSXFvuSUNFibTd9zxd2bkVrDRvF5TmvWWQwqE4lgYJ5m+x1DbecWkw+LK4RNl2CU1hHuOKPVlg==
  dependencies:
    querystringify "^2.1.1"
    requires-port "^1.0.0"

warning@^4.0.3:
  version "4.0.3"
  resolved "https://registry.yarnpkg.com/warning/-/warning-4.0.3.tgz#16e9e077eb8a86d6af7d64aa1e05fd85b4678ca3"
  integrity sha512-rpJyN222KWIvHJ/F53XSZv0Zl/accqHR8et1kpaMTD/fLCRxtV8iX8czMzY7sVZupTI3zcUTg8eycS2kNF9l6w==
  dependencies:
    loose-envify "^1.0.0"
